// !$*UTF8*$!
{
	archiveVersion = 1;
	classes = {
	};
	objectVersion = 55;
	objects = {

/* Begin PBXBuildFile section */
		B5BD5A6227D4768E001C25CF /* AppDelegate.swift in Sources */ = {isa = PBXBuildFile; fileRef = B5BD5A6127D4768E001C25CF /* AppDelegate.swift */; };
		B5BD5A6427D4768E001C25CF /* SceneDelegate.swift in Sources */ = {isa = PBXBuildFile; fileRef = B5BD5A6327D4768E001C25CF /* SceneDelegate.swift */; };
		B5BD5A6927D4768E001C25CF /* Main.storyboard in Resources */ = {isa = PBXBuildFile; fileRef = B5BD5A6727D4768E001C25CF /* Main.storyboard */; };
		B5BD5A6E27D4768F001C25CF /* Assets.xcassets in Resources */ = {isa = PBXBuildFile; fileRef = B5BD5A6D27D4768F001C25CF /* Assets.xcassets */; };
		B5BD5A7127D4768F001C25CF /* LaunchScreen.storyboard in Resources */ = {isa = PBXBuildFile; fileRef = B5BD5A6F27D4768F001C25CF /* LaunchScreen.storyboard */; };
		B5BD5A7B27D4777C001C25CF /* Card.swift in Sources */ = {isa = PBXBuildFile; fileRef = B5BD5A7A27D4777C001C25CF /* Card.swift */; };
		B5BD5A7D27D47792001C25CF /* CardController.swift in Sources */ = {isa = PBXBuildFile; fileRef = B5BD5A7C27D47792001C25CF /* CardController.swift */; };
		B5BD5A7F27D4779B001C25CF /* CardError.swift in Sources */ = {isa = PBXBuildFile; fileRef = B5BD5A7E27D4779B001C25CF /* CardError.swift */; };
		B5BD5A8127D477BB001C25CF /* CardViewController.swift in Sources */ = {isa = PBXBuildFile; fileRef = B5BD5A8027D477BB001C25CF /* CardViewController.swift */; };
		B5BD5A8327D477DA001C25CF /* UIViewControllerExtension.swift in Sources */ = {isa = PBXBuildFile; fileRef = B5BD5A8227D477DA001C25CF /* UIViewControllerExtension.swift */; };
/* End PBXBuildFile section */

/* Begin PBXFileReference section */
		B5BD5A5E27D4768E001C25CF /* DeckOfOneCard.app */ = {isa = PBXFileReference; explicitFileType = wrapper.application; includeInIndex = 0; path = DeckOfOneCard.app; sourceTree = BUILT_PRODUCTS_DIR; };
		B5BD5A6127D4768E001C25CF /* AppDelegate.swift */ = {isa = PBXFileReference; lastKnownFileType = sourcecode.swift; path = AppDelegate.swift; sourceTree = "<group>"; };
		B5BD5A6327D4768E001C25CF /* SceneDelegate.swift */ = {isa = PBXFileReference; lastKnownFileType = sourcecode.swift; path = SceneDelegate.swift; sourceTree = "<group>"; };
		B5BD5A6827D4768E001C25CF /* Base */ = {isa = PBXFileReference; lastKnownFileType = file.storyboard; name = Base; path = Base.lproj/Main.storyboard; sourceTree = "<group>"; };
		B5BD5A6D27D4768F001C25CF /* Assets.xcassets */ = {isa = PBXFileReference; lastKnownFileType = folder.assetcatalog; path = Assets.xcassets; sourceTree = "<group>"; };
		B5BD5A7027D4768F001C25CF /* Base */ = {isa = PBXFileReference; lastKnownFileType = file.storyboard; name = Base; path = Base.lproj/LaunchScreen.storyboard; sourceTree = "<group>"; };
		B5BD5A7227D4768F001C25CF /* Info.plist */ = {isa = PBXFileReference; lastKnownFileType = text.plist.xml; path = Info.plist; sourceTree = "<group>"; };
		B5BD5A7A27D4777C001C25CF /* Card.swift */ = {isa = PBXFileReference; lastKnownFileType = sourcecode.swift; path = Card.swift; sourceTree = "<group>"; };
		B5BD5A7C27D47792001C25CF /* CardController.swift */ = {isa = PBXFileReference; lastKnownFileType = sourcecode.swift; path = CardController.swift; sourceTree = "<group>"; };
		B5BD5A7E27D4779B001C25CF /* CardError.swift */ = {isa = PBXFileReference; lastKnownFileType = sourcecode.swift; path = CardError.swift; sourceTree = "<group>"; };
		B5BD5A8027D477BB001C25CF /* CardViewController.swift */ = {isa = PBXFileReference; lastKnownFileType = sourcecode.swift; path = CardViewController.swift; sourceTree = "<group>"; };
		B5BD5A8227D477DA001C25CF /* UIViewControllerExtension.swift */ = {isa = PBXFileReference; lastKnownFileType = sourcecode.swift; path = UIViewControllerExtension.swift; sourceTree = "<group>"; };
/* End PBXFileReference section */

/* Begin PBXFrameworksBuildPhase section */
		B5BD5A5B27D4768E001C25CF /* Frameworks */ = {
			isa = PBXFrameworksBuildPhase;
			buildActionMask = 2147483647;
			files = (
			);
			runOnlyForDeploymentPostprocessing = 0;
		};
/* End PBXFrameworksBuildPhase section */

/* Begin PBXGroup section */
		B5BD5A5527D4768E001C25CF = {
			isa = PBXGroup;
			children = (
				B5BD5A6027D4768E001C25CF /* DeckOfOneCard */,
				B5BD5A5F27D4768E001C25CF /* Products */,
			);
			sourceTree = "<group>";
		};
		B5BD5A5F27D4768E001C25CF /* Products */ = {
			isa = PBXGroup;
			children = (
				B5BD5A5E27D4768E001C25CF /* DeckOfOneCard.app */,
			);
			name = Products;
			sourceTree = "<group>";
		};
		B5BD5A6027D4768E001C25CF /* DeckOfOneCard */ = {
			isa = PBXGroup;
			children = (
				B5BD5A7827D476E4001C25CF /* Resources */,
				B5BD5A7927D47731001C25CF /* Storyboards */,
				B5BD5A8427D477EB001C25CF /* Models */,
				B5BD5A8527D477F3001C25CF /* Model Controllers */,
				B5BD5A8627D477FE001C25CF /* View Controllers */,
				B5BD5A8727D4780F001C25CF /* Helpers */,
			);
			path = DeckOfOneCard;
			sourceTree = "<group>";
		};
		B5BD5A7827D476E4001C25CF /* Resources */ = {
			isa = PBXGroup;
			children = (
				B5BD5A7227D4768F001C25CF /* Info.plist */,
				B5BD5A6127D4768E001C25CF /* AppDelegate.swift */,
				B5BD5A6327D4768E001C25CF /* SceneDelegate.swift */,
				B5BD5A6D27D4768F001C25CF /* Assets.xcassets */,
			);
			path = Resources;
			sourceTree = "<group>";
		};
		B5BD5A7927D47731001C25CF /* Storyboards */ = {
			isa = PBXGroup;
			children = (
				B5BD5A6727D4768E001C25CF /* Main.storyboard */,
				B5BD5A6F27D4768F001C25CF /* LaunchScreen.storyboard */,
			);
			path = Storyboards;
			sourceTree = "<group>";
		};
		B5BD5A8427D477EB001C25CF /* Models */ = {
			isa = PBXGroup;
			children = (
				B5BD5A7A27D4777C001C25CF /* Card.swift */,
			);
			path = Models;
			sourceTree = "<group>";
		};
		B5BD5A8527D477F3001C25CF /* Model Controllers */ = {
			isa = PBXGroup;
			children = (
				B5BD5A7C27D47792001C25CF /* CardController.swift */,
			);
			path = "Model Controllers";
			sourceTree = "<group>";
		};
		B5BD5A8627D477FE001C25CF /* View Controllers */ = {
			isa = PBXGroup;
			children = (
				B5BD5A8027D477BB001C25CF /* CardViewController.swift */,
			);
			path = "View Controllers";
			sourceTree = "<group>";
		};
		B5BD5A8727D4780F001C25CF /* Helpers */ = {
			isa = PBXGroup;
			children = (
				B5BD5A8227D477DA001C25CF /* UIViewControllerExtension.swift */,
				B5BD5A7E27D4779B001C25CF /* CardError.swift */,
			);
			path = Helpers;
			sourceTree = "<group>";
		};
/* End PBXGroup section */

/* Begin PBXNativeTarget section */
		B5BD5A5D27D4768E001C25CF /* DeckOfOneCard */ = {
			isa = PBXNativeTarget;
			buildConfigurationList = B5BD5A7527D4768F001C25CF /* Build configuration list for PBXNativeTarget "DeckOfOneCard" */;
			buildPhases = (
				B5BD5A5A27D4768E001C25CF /* Sources */,
				B5BD5A5B27D4768E001C25CF /* Frameworks */,
				B5BD5A5C27D4768E001C25CF /* Resources */,
			);
			buildRules = (
			);
			dependencies = (
			);
			name = DeckOfOneCard;
			productName = DeckOfOneCard;
			productReference = B5BD5A5E27D4768E001C25CF /* DeckOfOneCard.app */;
			productType = "com.apple.product-type.application";
		};
/* End PBXNativeTarget section */

/* Begin PBXProject section */
		B5BD5A5627D4768E001C25CF /* Project object */ = {
			isa = PBXProject;
			attributes = {
				BuildIndependentTargetsInParallel = 1;
				LastSwiftUpdateCheck = 1320;
				LastUpgradeCheck = 1320;
				TargetAttributes = {
					B5BD5A5D27D4768E001C25CF = {
						CreatedOnToolsVersion = 13.2.1;
					};
				};
			};
			buildConfigurationList = B5BD5A5927D4768E001C25CF /* Build configuration list for PBXProject "DeckOfOneCard" */;
			compatibilityVersion = "Xcode 13.0";
			developmentRegion = en;
			hasScannedForEncodings = 0;
			knownRegions = (
				en,
				Base,
			);
			mainGroup = B5BD5A5527D4768E001C25CF;
			productRefGroup = B5BD5A5F27D4768E001C25CF /* Products */;
			projectDirPath = "";
			projectRoot = "";
			targets = (
				B5BD5A5D27D4768E001C25CF /* DeckOfOneCard */,
			);
		};
/* End PBXProject section */

/* Begin PBXResourcesBuildPhase section */
		B5BD5A5C27D4768E001C25CF /* Resources */ = {
			isa = PBXResourcesBuildPhase;
			buildActionMask = 2147483647;
			files = (
				B5BD5A7127D4768F001C25CF /* LaunchScreen.storyboard in Resources */,
				B5BD5A6E27D4768F001C25CF /* Assets.xcassets in Resources */,
				B5BD5A6927D4768E001C25CF /* Main.storyboard in Resources */,
			);
			runOnlyForDeploymentPostprocessing = 0;
		};
/* End PBXResourcesBuildPhase section */

/* Begin PBXSourcesBuildPhase section */
		B5BD5A5A27D4768E001C25CF /* Sources */ = {
			isa = PBXSourcesBuildPhase;
			buildActionMask = 2147483647;
			files = (
				B5BD5A6227D4768E001C25CF /* AppDelegate.swift in Sources */,
				B5BD5A7D27D47792001C25CF /* CardController.swift in Sources */,
				B5BD5A8127D477BB001C25CF /* CardViewController.swift in Sources */,
				B5BD5A7B27D4777C001C25CF /* Card.swift in Sources */,
				B5BD5A7F27D4779B001C25CF /* CardError.swift in Sources */,
				B5BD5A8327D477DA001C25CF /* UIViewControllerExtension.swift in Sources */,
				B5BD5A6427D4768E001C25CF /* SceneDelegate.swift in Sources */,
			);
			runOnlyForDeploymentPostprocessing = 0;
		};
/* End PBXSourcesBuildPhase section */

/* Begin PBXVariantGroup section */
		B5BD5A6727D4768E001C25CF /* Main.storyboard */ = {
			isa = PBXVariantGroup;
			children = (
				B5BD5A6827D4768E001C25CF /* Base */,
			);
			name = Main.storyboard;
			sourceTree = "<group>";
		};
		B5BD5A6F27D4768F001C25CF /* LaunchScreen.storyboard */ = {
			isa = PBXVariantGroup;
			children = (
				B5BD5A7027D4768F001C25CF /* Base */,
			);
			name = LaunchScreen.storyboard;
			sourceTree = "<group>";
		};
/* End PBXVariantGroup section */

/* Begin XCBuildConfiguration section */
		B5BD5A7327D4768F001C25CF /* Debug */ = {
			isa = XCBuildConfiguration;
			buildSettings = {
				ALWAYS_SEARCH_USER_PATHS = NO;
				CLANG_ANALYZER_NONNULL = YES;
				CLANG_ANALYZER_NUMBER_OBJECT_CONVERSION = YES_AGGRESSIVE;
				CLANG_CXX_LANGUAGE_STANDARD = "gnu++17";
				CLANG_CXX_LIBRARY = "libc++";
				CLANG_ENABLE_MODULES = YES;
				CLANG_ENABLE_OBJC_ARC = YES;
				CLANG_ENABLE_OBJC_WEAK = YES;
				CLANG_WARN_BLOCK_CAPTURE_AUTORELEASING = YES;
				CLANG_WARN_BOOL_CONVERSION = YES;
				CLANG_WARN_COMMA = YES;
				CLANG_WARN_CONSTANT_CONVERSION = YES;
				CLANG_WARN_DEPRECATED_OBJC_IMPLEMENTATIONS = YES;
				CLANG_WARN_DIRECT_OBJC_ISA_USAGE = YES_ERROR;
				CLANG_WARN_DOCUMENTATION_COMMENTS = YES;
				CLANG_WARN_EMPTY_BODY = YES;
				CLANG_WARN_ENUM_CONVERSION = YES;
				CLANG_WARN_INFINITE_RECURSION = YES;
				CLANG_WARN_INT_CONVERSION = YES;
				CLANG_WARN_NON_LITERAL_NULL_CONVERSION = YES;
				CLANG_WARN_OBJC_IMPLICIT_RETAIN_SELF = YES;
				CLANG_WARN_OBJC_LITERAL_CONVERSION = YES;
				CLANG_WARN_OBJC_ROOT_CLASS = YES_ERROR;
				CLANG_WARN_QUOTED_INCLUDE_IN_FRAMEWORK_HEADER = YES;
				CLANG_WARN_RANGE_LOOP_ANALYSIS = YES;
				CLANG_WARN_STRICT_PROTOTYPES = YES;
				CLANG_WARN_SUSPICIOUS_MOVE = YES;
				CLANG_WARN_UNGUARDED_AVAILABILITY = YES_AGGRESSIVE;
				CLANG_WARN_UNREACHABLE_CODE = YES;
				CLANG_WARN__DUPLICATE_METHOD_MATCH = YES;
				COPY_PHASE_STRIP = NO;
				DEBUG_INFORMATION_FORMAT = dwarf;
				ENABLE_STRICT_OBJC_MSGSEND = YES;
				ENABLE_TESTABILITY = YES;
				GCC_C_LANGUAGE_STANDARD = gnu11;
				GCC_DYNAMIC_NO_PIC = NO;
				GCC_NO_COMMON_BLOCKS = YES;
				GCC_OPTIMIZATION_LEVEL = 0;
				GCC_PREPROCESSOR_DEFINITIONS = (
					"DEBUG=1",
					"$(inherited)",
				);
				GCC_WARN_64_TO_32_BIT_CONVERSION = YES;
				GCC_WARN_ABOUT_RETURN_TYPE = YES_ERROR;
				GCC_WARN_UNDECLARED_SELECTOR = YES;
				GCC_WARN_UNINITIALIZED_AUTOS = YES_AGGRESSIVE;
				GCC_WARN_UNUSED_FUNCTION = YES;
				GCC_WARN_UNUSED_VARIABLE = YES;
				IPHONEOS_DEPLOYMENT_TARGET = 15.2;
				MTL_ENABLE_DEBUG_INFO = INCLUDE_SOURCE;
				MTL_FAST_MATH = YES;
				ONLY_ACTIVE_ARCH = YES;
				SDKROOT = iphoneos;
				SWIFT_ACTIVE_COMPILATION_CONDITIONS = DEBUG;
				SWIFT_OPTIMIZATION_LEVEL = "-Onone";
			};
			name = Debug;
		};
		B5BD5A7427D4768F001C25CF /* Release */ = {
			isa = XCBuildConfiguration;
			buildSettings = {
				ALWAYS_SEARCH_USER_PATHS = NO;
				CLANG_ANALYZER_NONNULL = YES;
				CLANG_ANALYZER_NUMBER_OBJECT_CONVERSION = YES_AGGRESSIVE;
				CLANG_CXX_LANGUAGE_STANDARD = "gnu++17";
				CLANG_CXX_LIBRARY = "libc++";
				CLANG_ENABLE_MODULES = YES;
				CLANG_ENABLE_OBJC_ARC = YES;
				CLANG_ENABLE_OBJC_WEAK = YES;
				CLANG_WARN_BLOCK_CAPTURE_AUTORELEASING = YES;
				CLANG_WARN_BOOL_CONVERSION = YES;
				CLANG_WARN_COMMA = YES;
				CLANG_WARN_CONSTANT_CONVERSION = YES;
				CLANG_WARN_DEPRECATED_OBJC_IMPLEMENTATIONS = YES;
				CLANG_WARN_DIRECT_OBJC_ISA_USAGE = YES_ERROR;
				CLANG_WARN_DOCUMENTATION_COMMENTS = YES;
				CLANG_WARN_EMPTY_BODY = YES;
				CLANG_WARN_ENUM_CONVERSION = YES;
				CLANG_WARN_INFINITE_RECURSION = YES;
				CLANG_WARN_INT_CONVERSION = YES;
				CLANG_WARN_NON_LITERAL_NULL_CONVERSION = YES;
				CLANG_WARN_OBJC_IMPLICIT_RETAIN_SELF = YES;
				CLANG_WARN_OBJC_LITERAL_CONVERSION = YES;
				CLANG_WARN_OBJC_ROOT_CLASS = YES_ERROR;
				CLANG_WARN_QUOTED_INCLUDE_IN_FRAMEWORK_HEADER = YES;
				CLANG_WARN_RANGE_LOOP_ANALYSIS = YES;
				CLANG_WARN_STRICT_PROTOTYPES = YES;
				CLANG_WARN_SUSPICIOUS_MOVE = YES;
				CLANG_WARN_UNGUARDED_AVAILABILITY = YES_AGGRESSIVE;
				CLANG_WARN_UNREACHABLE_CODE = YES;
				CLANG_WARN__DUPLICATE_METHOD_MATCH = YES;
				COPY_PHASE_STRIP = NO;
				DEBUG_INFORMATION_FORMAT = "dwarf-with-dsym";
				ENABLE_NS_ASSERTIONS = NO;
				ENABLE_STRICT_OBJC_MSGSEND = YES;
				GCC_C_LANGUAGE_STANDARD = gnu11;
				GCC_NO_COMMON_BLOCKS = YES;
				GCC_WARN_64_TO_32_BIT_CONVERSION = YES;
				GCC_WARN_ABOUT_RETURN_TYPE = YES_ERROR;
				GCC_WARN_UNDECLARED_SELECTOR = YES;
				GCC_WARN_UNINITIALIZED_AUTOS = YES_AGGRESSIVE;
				GCC_WARN_UNUSED_FUNCTION = YES;
				GCC_WARN_UNUSED_VARIABLE = YES;
				IPHONEOS_DEPLOYMENT_TARGET = 15.2;
				MTL_ENABLE_DEBUG_INFO = NO;
				MTL_FAST_MATH = YES;
				SDKROOT = iphoneos;
				SWIFT_COMPILATION_MODE = wholemodule;
				SWIFT_OPTIMIZATION_LEVEL = "-O";
				VALIDATE_PRODUCT = YES;
			};
			name = Release;
		};
		B5BD5A7627D4768F001C25CF /* Debug */ = {
			isa = XCBuildConfiguration;
			buildSettings = {
				ASSETCATALOG_COMPILER_APPICON_NAME = AppIcon;
				ASSETCATALOG_COMPILER_GLOBAL_ACCENT_COLOR_NAME = AccentColor;
				CODE_SIGN_STYLE = Automatic;
				CURRENT_PROJECT_VERSION = 1;
				DEVELOPMENT_TEAM = FVZJ4Z5QQ2;
				GENERATE_INFOPLIST_FILE = YES;
				INFOPLIST_FILE = DeckOfOneCard/Resources/Info.plist;
				INFOPLIST_KEY_UIApplicationSupportsIndirectInputEvents = YES;
				INFOPLIST_KEY_UILaunchStoryboardName = LaunchScreen;
				INFOPLIST_KEY_UIMainStoryboardFile = Main;
				INFOPLIST_KEY_UISupportedInterfaceOrientations_iPad = "UIInterfaceOrientationPortrait UIInterfaceOrientationPortraitUpsideDown UIInterfaceOrientationLandscapeLeft UIInterfaceOrientationLandscapeRight";
				INFOPLIST_KEY_UISupportedInterfaceOrientations_iPhone = "UIInterfaceOrientationPortrait UIInterfaceOrientationLandscapeLeft UIInterfaceOrientationLandscapeRight";
				LD_RUNPATH_SEARCH_PATHS = (
					"$(inherited)",
					"@executable_path/Frameworks",
				);
				MARKETING_VERSION = 1.0;
				PRODUCT_BUNDLE_IDENTIFIER = "com-mehdi.DeckOfOneCard";
				PRODUCT_NAME = "$(TARGET_NAME)";
				SWIFT_EMIT_LOC_STRINGS = YES;
				SWIFT_VERSION = 5.0;
				TARGETED_DEVICE_FAMILY = "1,2";
			};
			name = Debug;
		};
		B5BD5A7727D4768F001C25CF /* Release */ = {
			isa = XCBuildConfiguration;
			buildSettings = {
				ASSETCATALOG_COMPILER_APPICON_NAME = AppIcon;
				ASSETCATALOG_COMPILER_GLOBAL_ACCENT_COLOR_NAME = AccentColor;
				CODE_SIGN_STYLE = Automatic;
				CURRENT_PROJECT_VERSION = 1;
				DEVELOPMENT_TEAM = FVZJ4Z5QQ2;
				GENERATE_INFOPLIST_FILE = YES;
				INFOPLIST_FILE = DeckOfOneCard/Resources/Info.plist;
				INFOPLIST_KEY_UIApplicationSupportsIndirectInputEvents = YES;
				INFOPLIST_KEY_UILaunchStoryboardName = LaunchScreen;
				INFOPLIST_KEY_UIMainStoryboardFile = Main;
				INFOPLIST_KEY_UISupportedInterfaceOrientations_iPad = "UIInterfaceOrientationPortrait UIInterfaceOrientationPortraitUpsideDown UIInterfaceOrientationLandscapeLeft UIInterfaceOrientationLandscapeRight";
				INFOPLIST_KEY_UISupportedInterfaceOrientations_iPhone = "UIInterfaceOrientationPortrait UIInterfaceOrientationLandscapeLeft UIInterfaceOrientationLandscapeRight";
				LD_RUNPATH_SEARCH_PATHS = (
					"$(inherited)",
					"@executable_path/Frameworks",
				);
				MARKETING_VERSION = 1.0;
				PRODUCT_BUNDLE_IDENTIFIER = "com-mehdi.DeckOfOneCard";
				PRODUCT_NAME = "$(TARGET_NAME)";
				SWIFT_EMIT_LOC_STRINGS = YES;
				SWIFT_VERSION = 5.0;
				TARGETED_DEVICE_FAMILY = "1,2";
			};
			name = Release;
		};
/* End XCBuildConfiguration section */

/* Begin XCConfigurationList section */
		B5BD5A5927D4768E001C25CF /* Build configuration list for PBXProject "DeckOfOneCard" */ = {
			isa = XCConfigurationList;
			buildConfigurations = (
				B5BD5A7327D4768F001C25CF /* Debug */,
				B5BD5A7427D4768F001C25CF /* Release */,
			);
			defaultConfigurationIsVisible = 0;
			defaultConfigurationName = Release;
		};
		B5BD5A7527D4768F001C25CF /* Build configuration list for PBXNativeTarget "DeckOfOneCard" */ = {
			isa = XCConfigurationList;
			buildConfigurations = (
				B5BD5A7627D4768F001C25CF /* Debug */,
				B5BD5A7727D4768F001C25CF /* Release */,
			);
			defaultConfigurationIsVisible = 0;
			defaultConfigurationName = Release;
		};
/* End XCConfigurationList section */
	};
	rootObject = B5BD5A5627D4768E001C25CF /* Project object */;
}
